
Microsoft Visual Studio Solution File, Format Version 12.00
# Visual Studio Version 16
VisualStudioVersion = 16.0.33130.400
MinimumVisualStudioVersion = 10.0.40219.1
Project("{FAE04EC0-301F-11D3-BF4B-00C04F79EFBC}") = "API_DTO", "API_DTO\API_DTO.csproj", "{6AB8E368-901F-450D-B1FC-AD0CF149C5DE}"
EndProject
Global
	GlobalSection(SolutionConfigurationPlatforms) = preSolution
		Debug|Any CPU = Debug|Any CPU
		Release|Any CPU = Release|Any CPU
	EndGlobalSection
	GlobalSection(ProjectConfigurationPlatforms) = postSolution
		{6AB8E368-901F-450D-B1FC-AD0CF149C5DE}.Debug|Any CPU.ActiveCfg = Debug|Any CPU
		{6AB8E368-901F-450D-B1FC-AD0CF149C5DE}.Debug|Any CPU.Build.0 = Debug|Any CPU
		{6AB8E368-901F-450D-B1FC-AD0CF149C5DE}.Release|Any CPU.ActiveCfg = Release|Any CPU
		{6AB8E368-901F-450D-B1FC-AD0CF149C5DE}.Release|Any CPU.Build.0 = Release|Any CPU
	EndGlobalSection
	GlobalSection(SolutionProperties) = preSolution
		HideSolutionNode = FALSE
	EndGlobalSection
	GlobalSection(ExtensibilityGlobals) = postSolution
		SolutionGuid = {7FB9FB64-0D6D-472C-A908-38492E2A12D0}
	EndGlobalSection
EndGlobal
